
Microsoft Visual Studio Solution File, Format Version 12.00
# Visual Studio Version 17
VisualStudioVersion = 17.14.36414.22
MinimumVisualStudioVersion = 10.0.40219.1
Project("{2150E333-8FDC-42A3-9474-1A3956D46DE8}") = "Services", "Services", "{5854FF58-B8C5-05C6-5BF2-ACE42193F22B}"
EndProject
Project("{2150E333-8FDC-42A3-9474-1A3956D46DE8}") = "Catalog", "Catalog", "{944ACC7E-4FFC-A2A2-09E1-98A62C66F8DB}"
EndProject
Project("{2150E333-8FDC-42A3-9474-1A3956D46DE8}") = "src", "src", "{41BBDC93-4E50-1894-3C33-F8A2B62FA41D}"
EndProject
Project("{FAE04EC0-301F-11D3-BF4B-00C04F79EFBC}") = "Catalog.Api", "Services\Catalog\src\Catalog.Api\Catalog.Api.csproj", "{6BBEE821-CAB6-49F5-B1B1-C87F97C7BFF7}"
EndProject
Project("{FAE04EC0-301F-11D3-BF4B-00C04F79EFBC}") = "Catalog.Application", "Services\Catalog\src\Catalog.Application\Catalog.Application.csproj", "{8935BD88-5AFC-4239-BE24-47DA19858B43}"
EndProject
Project("{FAE04EC0-301F-11D3-BF4B-00C04F79EFBC}") = "Catalog.Contracts", "Services\Catalog\src\Catalog.Contracts\Catalog.Contracts.csproj", "{2839D3B0-C02A-4BED-ACC5-D857BBF5C8FF}"
EndProject
Project("{FAE04EC0-301F-11D3-BF4B-00C04F79EFBC}") = "Catalog.Domain", "Services\Catalog\src\Catalog.Domain\Catalog.Domain.csproj", "{E648041B-4937-434C-B3AC-0738B06F199E}"
EndProject
Project("{FAE04EC0-301F-11D3-BF4B-00C04F79EFBC}") = "Catalog.Infrastructure", "Services\Catalog\src\Catalog.Infrastructure\Catalog.Infrastructure.csproj", "{5DD2F8AC-51D5-4F66-8DE9-FEE89D542430}"
EndProject
Project("{2150E333-8FDC-42A3-9474-1A3956D46DE8}") = "tests", "tests", "{26B96603-2099-C782-EFE9-34CF1538469E}"
EndProject
Project("{FAE04EC0-301F-11D3-BF4B-00C04F79EFBC}") = "Catalog.Api.IntegrationTests", "Services\Catalog\tests\Catalog.Api.IntegrationTests\Catalog.Api.IntegrationTests.csproj", "{882A8B62-9C12-4AE2-B676-172647B54021}"
EndProject
Project("{FAE04EC0-301F-11D3-BF4B-00C04F79EFBC}") = "Catalog.Application.UnitTests", "Services\Catalog\tests\Catalog.Application.UnitTests\Catalog.Application.UnitTests.csproj", "{CB305A8E-4612-4FCE-BC2F-26A0E6A3A12F}"
EndProject
Project("{FAE04EC0-301F-11D3-BF4B-00C04F79EFBC}") = "Catalog.Domain.UnitTests", "Services\Catalog\tests\Catalog.Domain.UnitTests\Catalog.Domain.UnitTests.csproj", "{3B59F711-5F0D-422D-981F-562C28F059C3}"
EndProject
Project("{FAE04EC0-301F-11D3-BF4B-00C04F79EFBC}") = "TestCommon", "Services\Catalog\tests\TestCommon\TestCommon.csproj", "{394889C7-A31F-4387-94E9-59DF890F9261}"
EndProject
Project("{FAE04EC0-301F-11D3-BF4B-00C04F79EFBC}") = "Catalog.Application.SubcutaneousTests", "Services\Catalog\tests\Catalog.Application.SubcutaneousTests\Catalog.Application.SubcutaneousTests.csproj", "{1CBEE50E-BCCF-48FC-859D-A39A3CF75A26}"
EndProject
Project("{2150E333-8FDC-42A3-9474-1A3956D46DE8}") = "Shared", "Shared", "{4F52FD11-658E-A102-6CD3-7D7C16FFA15B}"
EndProject
Project("{FAE04EC0-301F-11D3-BF4B-00C04F79EFBC}") = "SharedKernel", "Shared\SharedKernel\SharedKernel.csproj", "{42BD8DB1-B618-495D-BF00-E7E610121ABB}"
EndProject
Project("{2150E333-8FDC-42A3-9474-1A3956D46DE8}") = "Identity", "Identity", "{357A7C97-5AE1-023F-1442-0D9F9AF22A31}"
EndProject
Project("{2150E333-8FDC-42A3-9474-1A3956D46DE8}") = "src", "src", "{11349CFE-E14E-3001-C5E9-551783699504}"
EndProject
Project("{FAE04EC0-301F-11D3-BF4B-00C04F79EFBC}") = "Identity.Domain", "Services\Identity\src\Identity.Domain\Identity.Domain.csproj", "{6DC635FA-68D8-4E13-A265-A60DD36BD3CE}"
EndProject
Project("{FAE04EC0-301F-11D3-BF4B-00C04F79EFBC}") = "Identity.Application", "Services\Identity\src\Identity.Application\Identity.Application.csproj", "{BF053396-D7CF-4E72-B569-07A74E27DD99}"
EndProject
Project("{FAE04EC0-301F-11D3-BF4B-00C04F79EFBC}") = "Identity.Infrastructure", "Services\Identity\src\Identity.Infrastructure\Identity.Infrastructure.csproj", "{CF3E3579-20D5-4955-B265-CDCC4A51F2C0}"
EndProject
Project("{FAE04EC0-301F-11D3-BF4B-00C04F79EFBC}") = "Identity.Contracts", "Services\Identity\src\Identity.Contracts\Identity.Contracts.csproj", "{00803811-6B43-4FAA-BA40-DB99A49250BC}"
EndProject
Project("{FAE04EC0-301F-11D3-BF4B-00C04F79EFBC}") = "Identity.Api", "Services\Identity\src\Identity.Api\Identity.Api.csproj", "{6ECEBF48-D3EE-441C-A12D-9CB7FDAF21A6}"
EndProject
Project("{2150E333-8FDC-42A3-9474-1A3956D46DE8}") = "Auth", "Auth", "{28C2D05B-ED75-C138-0180-B64FDC0DDF3E}"
EndProject
Project("{2150E333-8FDC-42A3-9474-1A3956D46DE8}") = "Permissions", "Permissions", "{DEA22B18-2FC8-AE0E-7930-959A96B95EF1}"
EndProject
Project("{FAE04EC0-301F-11D3-BF4B-00C04F79EFBC}") = "BookStore.Permissions", "Shared\Auth\Permissions\BookStore.Permissions.csproj", "{BEBA34C0-B5D7-49E9-9511-F12B6210E0EA}"
EndProject
Global
	GlobalSection(SolutionConfigurationPlatforms) = preSolution
		Debug|Any CPU = Debug|Any CPU
		Debug|x64 = Debug|x64
		Debug|x86 = Debug|x86
		Release|Any CPU = Release|Any CPU
		Release|x64 = Release|x64
		Release|x86 = Release|x86
	EndGlobalSection
	GlobalSection(ProjectConfigurationPlatforms) = postSolution
		{6BBEE821-CAB6-49F5-B1B1-C87F97C7BFF7}.Debug|Any CPU.ActiveCfg = Debug|Any CPU
		{6BBEE821-CAB6-49F5-B1B1-C87F97C7BFF7}.Debug|Any CPU.Build.0 = Debug|Any CPU
		{6BBEE821-CAB6-49F5-B1B1-C87F97C7BFF7}.Debug|x64.ActiveCfg = Debug|Any CPU
		{6BBEE821-CAB6-49F5-B1B1-C87F97C7BFF7}.Debug|x64.Build.0 = Debug|Any CPU
		{6BBEE821-CAB6-49F5-B1B1-C87F97C7BFF7}.Debug|x86.ActiveCfg = Debug|Any CPU
		{6BBEE821-CAB6-49F5-B1B1-C87F97C7BFF7}.Debug|x86.Build.0 = Debug|Any CPU
		{6BBEE821-CAB6-49F5-B1B1-C87F97C7BFF7}.Release|Any CPU.ActiveCfg = Release|Any CPU
		{6BBEE821-CAB6-49F5-B1B1-C87F97C7BFF7}.Release|Any CPU.Build.0 = Release|Any CPU
		{6BBEE821-CAB6-49F5-B1B1-C87F97C7BFF7}.Release|x64.ActiveCfg = Release|Any CPU
		{6BBEE821-CAB6-49F5-B1B1-C87F97C7BFF7}.Release|x64.Build.0 = Release|Any CPU
		{6BBEE821-CAB6-49F5-B1B1-C87F97C7BFF7}.Release|x86.ActiveCfg = Release|Any CPU
		{6BBEE821-CAB6-49F5-B1B1-C87F97C7BFF7}.Release|x86.Build.0 = Release|Any CPU
		{8935BD88-5AFC-4239-BE24-47DA19858B43}.Debug|Any CPU.ActiveCfg = Debug|Any CPU
		{8935BD88-5AFC-4239-BE24-47DA19858B43}.Debug|Any CPU.Build.0 = Debug|Any CPU
		{8935BD88-5AFC-4239-BE24-47DA19858B43}.Debug|x64.ActiveCfg = Debug|Any CPU
		{8935BD88-5AFC-4239-BE24-47DA19858B43}.Debug|x64.Build.0 = Debug|Any CPU
		{8935BD88-5AFC-4239-BE24-47DA19858B43}.Debug|x86.ActiveCfg = Debug|Any CPU
		{8935BD88-5AFC-4239-BE24-47DA19858B43}.Debug|x86.Build.0 = Debug|Any CPU
		{8935BD88-5AFC-4239-BE24-47DA19858B43}.Release|Any CPU.ActiveCfg = Release|Any CPU
		{8935BD88-5AFC-4239-BE24-47DA19858B43}.Release|Any CPU.Build.0 = Release|Any CPU
		{8935BD88-5AFC-4239-BE24-47DA19858B43}.Release|x64.ActiveCfg = Release|Any CPU
		{8935BD88-5AFC-4239-BE24-47DA19858B43}.Release|x64.Build.0 = Release|Any CPU
		{8935BD88-5AFC-4239-BE24-47DA19858B43}.Release|x86.ActiveCfg = Release|Any CPU
		{8935BD88-5AFC-4239-BE24-47DA19858B43}.Release|x86.Build.0 = Release|Any CPU
		{2839D3B0-C02A-4BED-ACC5-D857BBF5C8FF}.Debug|Any CPU.ActiveCfg = Debug|Any CPU
		{2839D3B0-C02A-4BED-ACC5-D857BBF5C8FF}.Debug|Any CPU.Build.0 = Debug|Any CPU
		{2839D3B0-C02A-4BED-ACC5-D857BBF5C8FF}.Debug|x64.ActiveCfg = Debug|Any CPU
		{2839D3B0-C02A-4BED-ACC5-D857BBF5C8FF}.Debug|x64.Build.0 = Debug|Any CPU
		{2839D3B0-C02A-4BED-ACC5-D857BBF5C8FF}.Debug|x86.ActiveCfg = Debug|Any CPU
		{2839D3B0-C02A-4BED-ACC5-D857BBF5C8FF}.Debug|x86.Build.0 = Debug|Any CPU
		{2839D3B0-C02A-4BED-ACC5-D857BBF5C8FF}.Release|Any CPU.ActiveCfg = Release|Any CPU
		{2839D3B0-C02A-4BED-ACC5-D857BBF5C8FF}.Release|Any CPU.Build.0 = Release|Any CPU
		{2839D3B0-C02A-4BED-ACC5-D857BBF5C8FF}.Release|x64.ActiveCfg = Release|Any CPU
		{2839D3B0-C02A-4BED-ACC5-D857BBF5C8FF}.Release|x64.Build.0 = Release|Any CPU
		{2839D3B0-C02A-4BED-ACC5-D857BBF5C8FF}.Release|x86.ActiveCfg = Release|Any CPU
		{2839D3B0-C02A-4BED-ACC5-D857BBF5C8FF}.Release|x86.Build.0 = Release|Any CPU
		{E648041B-4937-434C-B3AC-0738B06F199E}.Debug|Any CPU.ActiveCfg = Debug|Any CPU
		{E648041B-4937-434C-B3AC-0738B06F199E}.Debug|Any CPU.Build.0 = Debug|Any CPU
		{E648041B-4937-434C-B3AC-0738B06F199E}.Debug|x64.ActiveCfg = Debug|Any CPU
		{E648041B-4937-434C-B3AC-0738B06F199E}.Debug|x64.Build.0 = Debug|Any CPU
		{E648041B-4937-434C-B3AC-0738B06F199E}.Debug|x86.ActiveCfg = Debug|Any CPU
		{E648041B-4937-434C-B3AC-0738B06F199E}.Debug|x86.Build.0 = Debug|Any CPU
		{E648041B-4937-434C-B3AC-0738B06F199E}.Release|Any CPU.ActiveCfg = Release|Any CPU
		{E648041B-4937-434C-B3AC-0738B06F199E}.Release|Any CPU.Build.0 = Release|Any CPU
		{E648041B-4937-434C-B3AC-0738B06F199E}.Release|x64.ActiveCfg = Release|Any CPU
		{E648041B-4937-434C-B3AC-0738B06F199E}.Release|x64.Build.0 = Release|Any CPU
		{E648041B-4937-434C-B3AC-0738B06F199E}.Release|x86.ActiveCfg = Release|Any CPU
		{E648041B-4937-434C-B3AC-0738B06F199E}.Release|x86.Build.0 = Release|Any CPU
		{5DD2F8AC-51D5-4F66-8DE9-FEE89D542430}.Debug|Any CPU.ActiveCfg = Debug|Any CPU
		{5DD2F8AC-51D5-4F66-8DE9-FEE89D542430}.Debug|Any CPU.Build.0 = Debug|Any CPU
		{5DD2F8AC-51D5-4F66-8DE9-FEE89D542430}.Debug|x64.ActiveCfg = Debug|Any CPU
		{5DD2F8AC-51D5-4F66-8DE9-FEE89D542430}.Debug|x64.Build.0 = Debug|Any CPU
		{5DD2F8AC-51D5-4F66-8DE9-FEE89D542430}.Debug|x86.ActiveCfg = Debug|Any CPU
		{5DD2F8AC-51D5-4F66-8DE9-FEE89D542430}.Debug|x86.Build.0 = Debug|Any CPU
		{5DD2F8AC-51D5-4F66-8DE9-FEE89D542430}.Release|Any CPU.ActiveCfg = Release|Any CPU
		{5DD2F8AC-51D5-4F66-8DE9-FEE89D542430}.Release|Any CPU.Build.0 = Release|Any CPU
		{5DD2F8AC-51D5-4F66-8DE9-FEE89D542430}.Release|x64.ActiveCfg = Release|Any CPU
		{5DD2F8AC-51D5-4F66-8DE9-FEE89D542430}.Release|x64.Build.0 = Release|Any CPU
		{5DD2F8AC-51D5-4F66-8DE9-FEE89D542430}.Release|x86.ActiveCfg = Release|Any CPU
		{5DD2F8AC-51D5-4F66-8DE9-FEE89D542430}.Release|x86.Build.0 = Release|Any CPU
		{882A8B62-9C12-4AE2-B676-172647B54021}.Debug|Any CPU.ActiveCfg = Debug|Any CPU
		{882A8B62-9C12-4AE2-B676-172647B54021}.Debug|Any CPU.Build.0 = Debug|Any CPU
		{882A8B62-9C12-4AE2-B676-172647B54021}.Debug|x64.ActiveCfg = Debug|Any CPU
		{882A8B62-9C12-4AE2-B676-172647B54021}.Debug|x64.Build.0 = Debug|Any CPU
		{882A8B62-9C12-4AE2-B676-172647B54021}.Debug|x86.ActiveCfg = Debug|Any CPU
		{882A8B62-9C12-4AE2-B676-172647B54021}.Debug|x86.Build.0 = Debug|Any CPU
		{882A8B62-9C12-4AE2-B676-172647B54021}.Release|Any CPU.ActiveCfg = Release|Any CPU
		{882A8B62-9C12-4AE2-B676-172647B54021}.Release|Any CPU.Build.0 = Release|Any CPU
		{882A8B62-9C12-4AE2-B676-172647B54021}.Release|x64.ActiveCfg = Release|Any CPU
		{882A8B62-9C12-4AE2-B676-172647B54021}.Release|x64.Build.0 = Release|Any CPU
		{882A8B62-9C12-4AE2-B676-172647B54021}.Release|x86.ActiveCfg = Release|Any CPU
		{882A8B62-9C12-4AE2-B676-172647B54021}.Release|x86.Build.0 = Release|Any CPU
		{CB305A8E-4612-4FCE-BC2F-26A0E6A3A12F}.Debug|Any CPU.ActiveCfg = Debug|Any CPU
		{CB305A8E-4612-4FCE-BC2F-26A0E6A3A12F}.Debug|Any CPU.Build.0 = Debug|Any CPU
		{CB305A8E-4612-4FCE-BC2F-26A0E6A3A12F}.Debug|x64.ActiveCfg = Debug|Any CPU
		{CB305A8E-4612-4FCE-BC2F-26A0E6A3A12F}.Debug|x64.Build.0 = Debug|Any CPU
		{CB305A8E-4612-4FCE-BC2F-26A0E6A3A12F}.Debug|x86.ActiveCfg = Debug|Any CPU
		{CB305A8E-4612-4FCE-BC2F-26A0E6A3A12F}.Debug|x86.Build.0 = Debug|Any CPU
		{CB305A8E-4612-4FCE-BC2F-26A0E6A3A12F}.Release|Any CPU.ActiveCfg = Release|Any CPU
		{CB305A8E-4612-4FCE-BC2F-26A0E6A3A12F}.Release|Any CPU.Build.0 = Release|Any CPU
		{CB305A8E-4612-4FCE-BC2F-26A0E6A3A12F}.Release|x64.ActiveCfg = Release|Any CPU
		{CB305A8E-4612-4FCE-BC2F-26A0E6A3A12F}.Release|x64.Build.0 = Release|Any CPU
		{CB305A8E-4612-4FCE-BC2F-26A0E6A3A12F}.Release|x86.ActiveCfg = Release|Any CPU
		{CB305A8E-4612-4FCE-BC2F-26A0E6A3A12F}.Release|x86.Build.0 = Release|Any CPU
		{3B59F711-5F0D-422D-981F-562C28F059C3}.Debug|Any CPU.ActiveCfg = Debug|Any CPU
		{3B59F711-5F0D-422D-981F-562C28F059C3}.Debug|Any CPU.Build.0 = Debug|Any CPU
		{3B59F711-5F0D-422D-981F-562C28F059C3}.Debug|x64.ActiveCfg = Debug|Any CPU
		{3B59F711-5F0D-422D-981F-562C28F059C3}.Debug|x64.Build.0 = Debug|Any CPU
		{3B59F711-5F0D-422D-981F-562C28F059C3}.Debug|x86.ActiveCfg = Debug|Any CPU
		{3B59F711-5F0D-422D-981F-562C28F059C3}.Debug|x86.Build.0 = Debug|Any CPU
		{3B59F711-5F0D-422D-981F-562C28F059C3}.Release|Any CPU.ActiveCfg = Release|Any CPU
		{3B59F711-5F0D-422D-981F-562C28F059C3}.Release|Any CPU.Build.0 = Release|Any CPU
		{3B59F711-5F0D-422D-981F-562C28F059C3}.Release|x64.ActiveCfg = Release|Any CPU
		{3B59F711-5F0D-422D-981F-562C28F059C3}.Release|x64.Build.0 = Release|Any CPU
		{3B59F711-5F0D-422D-981F-562C28F059C3}.Release|x86.ActiveCfg = Release|Any CPU
		{3B59F711-5F0D-422D-981F-562C28F059C3}.Release|x86.Build.0 = Release|Any CPU
		{394889C7-A31F-4387-94E9-59DF890F9261}.Debug|Any CPU.ActiveCfg = Debug|Any CPU
		{394889C7-A31F-4387-94E9-59DF890F9261}.Debug|Any CPU.Build.0 = Debug|Any CPU
		{394889C7-A31F-4387-94E9-59DF890F9261}.Debug|x64.ActiveCfg = Debug|Any CPU
		{394889C7-A31F-4387-94E9-59DF890F9261}.Debug|x64.Build.0 = Debug|Any CPU
		{394889C7-A31F-4387-94E9-59DF890F9261}.Debug|x86.ActiveCfg = Debug|Any CPU
		{394889C7-A31F-4387-94E9-59DF890F9261}.Debug|x86.Build.0 = Debug|Any CPU
		{394889C7-A31F-4387-94E9-59DF890F9261}.Release|Any CPU.ActiveCfg = Release|Any CPU
		{394889C7-A31F-4387-94E9-59DF890F9261}.Release|Any CPU.Build.0 = Release|Any CPU
		{394889C7-A31F-4387-94E9-59DF890F9261}.Release|x64.ActiveCfg = Release|Any CPU
		{394889C7-A31F-4387-94E9-59DF890F9261}.Release|x64.Build.0 = Release|Any CPU
		{394889C7-A31F-4387-94E9-59DF890F9261}.Release|x86.ActiveCfg = Release|Any CPU
		{394889C7-A31F-4387-94E9-59DF890F9261}.Release|x86.Build.0 = Release|Any CPU
		{1CBEE50E-BCCF-48FC-859D-A39A3CF75A26}.Debug|Any CPU.ActiveCfg = Debug|Any CPU
		{1CBEE50E-BCCF-48FC-859D-A39A3CF75A26}.Debug|Any CPU.Build.0 = Debug|Any CPU
		{1CBEE50E-BCCF-48FC-859D-A39A3CF75A26}.Debug|x64.ActiveCfg = Debug|Any CPU
		{1CBEE50E-BCCF-48FC-859D-A39A3CF75A26}.Debug|x64.Build.0 = Debug|Any CPU
		{1CBEE50E-BCCF-48FC-859D-A39A3CF75A26}.Debug|x86.ActiveCfg = Debug|Any CPU
		{1CBEE50E-BCCF-48FC-859D-A39A3CF75A26}.Debug|x86.Build.0 = Debug|Any CPU
		{1CBEE50E-BCCF-48FC-859D-A39A3CF75A26}.Release|Any CPU.ActiveCfg = Release|Any CPU
		{1CBEE50E-BCCF-48FC-859D-A39A3CF75A26}.Release|Any CPU.Build.0 = Release|Any CPU
		{1CBEE50E-BCCF-48FC-859D-A39A3CF75A26}.Release|x64.ActiveCfg = Release|Any CPU
		{1CBEE50E-BCCF-48FC-859D-A39A3CF75A26}.Release|x64.Build.0 = Release|Any CPU
		{1CBEE50E-BCCF-48FC-859D-A39A3CF75A26}.Release|x86.ActiveCfg = Release|Any CPU
		{1CBEE50E-BCCF-48FC-859D-A39A3CF75A26}.Release|x86.Build.0 = Release|Any CPU
		{42BD8DB1-B618-495D-BF00-E7E610121ABB}.Debug|Any CPU.ActiveCfg = Debug|Any CPU
		{42BD8DB1-B618-495D-BF00-E7E610121ABB}.Debug|Any CPU.Build.0 = Debug|Any CPU
		{42BD8DB1-B618-495D-BF00-E7E610121ABB}.Debug|x64.ActiveCfg = Debug|Any CPU
		{42BD8DB1-B618-495D-BF00-E7E610121ABB}.Debug|x64.Build.0 = Debug|Any CPU
		{42BD8DB1-B618-495D-BF00-E7E610121ABB}.Debug|x86.ActiveCfg = Debug|Any CPU
		{42BD8DB1-B618-495D-BF00-E7E610121ABB}.Debug|x86.Build.0 = Debug|Any CPU
		{42BD8DB1-B618-495D-BF00-E7E610121ABB}.Release|Any CPU.ActiveCfg = Release|Any CPU
		{42BD8DB1-B618-495D-BF00-E7E610121ABB}.Release|Any CPU.Build.0 = Release|Any CPU
		{42BD8DB1-B618-495D-BF00-E7E610121ABB}.Release|x64.ActiveCfg = Release|Any CPU
		{42BD8DB1-B618-495D-BF00-E7E610121ABB}.Release|x64.Build.0 = Release|Any CPU
		{42BD8DB1-B618-495D-BF00-E7E610121ABB}.Release|x86.ActiveCfg = Release|Any CPU
		{42BD8DB1-B618-495D-BF00-E7E610121ABB}.Release|x86.Build.0 = Release|Any CPU
		{6DC635FA-68D8-4E13-A265-A60DD36BD3CE}.Debug|Any CPU.ActiveCfg = Debug|Any CPU
		{6DC635FA-68D8-4E13-A265-A60DD36BD3CE}.Debug|Any CPU.Build.0 = Debug|Any CPU
		{6DC635FA-68D8-4E13-A265-A60DD36BD3CE}.Debug|x64.ActiveCfg = Debug|Any CPU
		{6DC635FA-68D8-4E13-A265-A60DD36BD3CE}.Debug|x64.Build.0 = Debug|Any CPU
		{6DC635FA-68D8-4E13-A265-A60DD36BD3CE}.Debug|x86.ActiveCfg = Debug|Any CPU
		{6DC635FA-68D8-4E13-A265-A60DD36BD3CE}.Debug|x86.Build.0 = Debug|Any CPU
		{6DC635FA-68D8-4E13-A265-A60DD36BD3CE}.Release|Any CPU.ActiveCfg = Release|Any CPU
		{6DC635FA-68D8-4E13-A265-A60DD36BD3CE}.Release|Any CPU.Build.0 = Release|Any CPU
		{6DC635FA-68D8-4E13-A265-A60DD36BD3CE}.Release|x64.ActiveCfg = Release|Any CPU
		{6DC635FA-68D8-4E13-A265-A60DD36BD3CE}.Release|x64.Build.0 = Release|Any CPU
		{6DC635FA-68D8-4E13-A265-A60DD36BD3CE}.Release|x86.ActiveCfg = Release|Any CPU
		{6DC635FA-68D8-4E13-A265-A60DD36BD3CE}.Release|x86.Build.0 = Release|Any CPU
		{BF053396-D7CF-4E72-B569-07A74E27DD99}.Debug|Any CPU.ActiveCfg = Debug|Any CPU
		{BF053396-D7CF-4E72-B569-07A74E27DD99}.Debug|Any CPU.Build.0 = Debug|Any CPU
		{BF053396-D7CF-4E72-B569-07A74E27DD99}.Debug|x64.ActiveCfg = Debug|Any CPU
		{BF053396-D7CF-4E72-B569-07A74E27DD99}.Debug|x64.Build.0 = Debug|Any CPU
		{BF053396-D7CF-4E72-B569-07A74E27DD99}.Debug|x86.ActiveCfg = Debug|Any CPU
		{BF053396-D7CF-4E72-B569-07A74E27DD99}.Debug|x86.Build.0 = Debug|Any CPU
		{BF053396-D7CF-4E72-B569-07A74E27DD99}.Release|Any CPU.ActiveCfg = Release|Any CPU
		{BF053396-D7CF-4E72-B569-07A74E27DD99}.Release|Any CPU.Build.0 = Release|Any CPU
		{BF053396-D7CF-4E72-B569-07A74E27DD99}.Release|x64.ActiveCfg = Release|Any CPU
		{BF053396-D7CF-4E72-B569-07A74E27DD99}.Release|x64.Build.0 = Release|Any CPU
		{BF053396-D7CF-4E72-B569-07A74E27DD99}.Release|x86.ActiveCfg = Release|Any CPU
		{BF053396-D7CF-4E72-B569-07A74E27DD99}.Release|x86.Build.0 = Release|Any CPU
		{CF3E3579-20D5-4955-B265-CDCC4A51F2C0}.Debug|Any CPU.ActiveCfg = Debug|Any CPU
		{CF3E3579-20D5-4955-B265-CDCC4A51F2C0}.Debug|Any CPU.Build.0 = Debug|Any CPU
		{CF3E3579-20D5-4955-B265-CDCC4A51F2C0}.Debug|x64.ActiveCfg = Debug|Any CPU
		{CF3E3579-20D5-4955-B265-CDCC4A51F2C0}.Debug|x64.Build.0 = Debug|Any CPU
		{CF3E3579-20D5-4955-B265-CDCC4A51F2C0}.Debug|x86.ActiveCfg = Debug|Any CPU
		{CF3E3579-20D5-4955-B265-CDCC4A51F2C0}.Debug|x86.Build.0 = Debug|Any CPU
		{CF3E3579-20D5-4955-B265-CDCC4A51F2C0}.Release|Any CPU.ActiveCfg = Release|Any CPU
		{CF3E3579-20D5-4955-B265-CDCC4A51F2C0}.Release|Any CPU.Build.0 = Release|Any CPU
		{CF3E3579-20D5-4955-B265-CDCC4A51F2C0}.Release|x64.ActiveCfg = Release|Any CPU
		{CF3E3579-20D5-4955-B265-CDCC4A51F2C0}.Release|x64.Build.0 = Release|Any CPU
		{CF3E3579-20D5-4955-B265-CDCC4A51F2C0}.Release|x86.ActiveCfg = Release|Any CPU
		{CF3E3579-20D5-4955-B265-CDCC4A51F2C0}.Release|x86.Build.0 = Release|Any CPU
		{00803811-6B43-4FAA-BA40-DB99A49250BC}.Debug|Any CPU.ActiveCfg = Debug|Any CPU
		{00803811-6B43-4FAA-BA40-DB99A49250BC}.Debug|Any CPU.Build.0 = Debug|Any CPU
		{00803811-6B43-4FAA-BA40-DB99A49250BC}.Debug|x64.ActiveCfg = Debug|Any CPU
		{00803811-6B43-4FAA-BA40-DB99A49250BC}.Debug|x64.Build.0 = Debug|Any CPU
		{00803811-6B43-4FAA-BA40-DB99A49250BC}.Debug|x86.ActiveCfg = Debug|Any CPU
		{00803811-6B43-4FAA-BA40-DB99A49250BC}.Debug|x86.Build.0 = Debug|Any CPU
		{00803811-6B43-4FAA-BA40-DB99A49250BC}.Release|Any CPU.ActiveCfg = Release|Any CPU
		{00803811-6B43-4FAA-BA40-DB99A49250BC}.Release|Any CPU.Build.0 = Release|Any CPU
		{00803811-6B43-4FAA-BA40-DB99A49250BC}.Release|x64.ActiveCfg = Release|Any CPU
		{00803811-6B43-4FAA-BA40-DB99A49250BC}.Release|x64.Build.0 = Release|Any CPU
		{00803811-6B43-4FAA-BA40-DB99A49250BC}.Release|x86.ActiveCfg = Release|Any CPU
		{00803811-6B43-4FAA-BA40-DB99A49250BC}.Release|x86.Build.0 = Release|Any CPU
		{6ECEBF48-D3EE-441C-A12D-9CB7FDAF21A6}.Debug|Any CPU.ActiveCfg = Debug|Any CPU
		{6ECEBF48-D3EE-441C-A12D-9CB7FDAF21A6}.Debug|Any CPU.Build.0 = Debug|Any CPU
		{6ECEBF48-D3EE-441C-A12D-9CB7FDAF21A6}.Debug|x64.ActiveCfg = Debug|Any CPU
		{6ECEBF48-D3EE-441C-A12D-9CB7FDAF21A6}.Debug|x64.Build.0 = Debug|Any CPU
		{6ECEBF48-D3EE-441C-A12D-9CB7FDAF21A6}.Debug|x86.ActiveCfg = Debug|Any CPU
		{6ECEBF48-D3EE-441C-A12D-9CB7FDAF21A6}.Debug|x86.Build.0 = Debug|Any CPU
		{6ECEBF48-D3EE-441C-A12D-9CB7FDAF21A6}.Release|Any CPU.ActiveCfg = Release|Any CPU
		{6ECEBF48-D3EE-441C-A12D-9CB7FDAF21A6}.Release|Any CPU.Build.0 = Release|Any CPU
		{6ECEBF48-D3EE-441C-A12D-9CB7FDAF21A6}.Release|x64.ActiveCfg = Release|Any CPU
		{6ECEBF48-D3EE-441C-A12D-9CB7FDAF21A6}.Release|x64.Build.0 = Release|Any CPU
		{6ECEBF48-D3EE-441C-A12D-9CB7FDAF21A6}.Release|x86.ActiveCfg = Release|Any CPU
		{6ECEBF48-D3EE-441C-A12D-9CB7FDAF21A6}.Release|x86.Build.0 = Release|Any CPU
		{BEBA34C0-B5D7-49E9-9511-F12B6210E0EA}.Debug|Any CPU.ActiveCfg = Debug|Any CPU
		{BEBA34C0-B5D7-49E9-9511-F12B6210E0EA}.Debug|Any CPU.Build.0 = Debug|Any CPU
		{BEBA34C0-B5D7-49E9-9511-F12B6210E0EA}.Debug|x64.ActiveCfg = Debug|Any CPU
		{BEBA34C0-B5D7-49E9-9511-F12B6210E0EA}.Debug|x64.Build.0 = Debug|Any CPU
		{BEBA34C0-B5D7-49E9-9511-F12B6210E0EA}.Debug|x86.ActiveCfg = Debug|Any CPU
		{BEBA34C0-B5D7-49E9-9511-F12B6210E0EA}.Debug|x86.Build.0 = Debug|Any CPU
		{BEBA34C0-B5D7-49E9-9511-F12B6210E0EA}.Release|Any CPU.ActiveCfg = Release|Any CPU
		{BEBA34C0-B5D7-49E9-9511-F12B6210E0EA}.Release|Any CPU.Build.0 = Release|Any CPU
		{BEBA34C0-B5D7-49E9-9511-F12B6210E0EA}.Release|x64.ActiveCfg = Release|Any CPU
		{BEBA34C0-B5D7-49E9-9511-F12B6210E0EA}.Release|x64.Build.0 = Release|Any CPU
		{BEBA34C0-B5D7-49E9-9511-F12B6210E0EA}.Release|x86.ActiveCfg = Release|Any CPU
		{BEBA34C0-B5D7-49E9-9511-F12B6210E0EA}.Release|x86.Build.0 = Release|Any CPU
	EndGlobalSection
	GlobalSection(SolutionProperties) = preSolution
		HideSolutionNode = FALSE
	EndGlobalSection
	GlobalSection(NestedProjects) = preSolution
		{944ACC7E-4FFC-A2A2-09E1-98A62C66F8DB} = {5854FF58-B8C5-05C6-5BF2-ACE42193F22B}
		{41BBDC93-4E50-1894-3C33-F8A2B62FA41D} = {944ACC7E-4FFC-A2A2-09E1-98A62C66F8DB}
		{6BBEE821-CAB6-49F5-B1B1-C87F97C7BFF7} = {41BBDC93-4E50-1894-3C33-F8A2B62FA41D}
		{8935BD88-5AFC-4239-BE24-47DA19858B43} = {41BBDC93-4E50-1894-3C33-F8A2B62FA41D}
		{2839D3B0-C02A-4BED-ACC5-D857BBF5C8FF} = {41BBDC93-4E50-1894-3C33-F8A2B62FA41D}
		{E648041B-4937-434C-B3AC-0738B06F199E} = {41BBDC93-4E50-1894-3C33-F8A2B62FA41D}
		{5DD2F8AC-51D5-4F66-8DE9-FEE89D542430} = {41BBDC93-4E50-1894-3C33-F8A2B62FA41D}
		{26B96603-2099-C782-EFE9-34CF1538469E} = {944ACC7E-4FFC-A2A2-09E1-98A62C66F8DB}
		{882A8B62-9C12-4AE2-B676-172647B54021} = {26B96603-2099-C782-EFE9-34CF1538469E}
		{CB305A8E-4612-4FCE-BC2F-26A0E6A3A12F} = {26B96603-2099-C782-EFE9-34CF1538469E}
		{3B59F711-5F0D-422D-981F-562C28F059C3} = {26B96603-2099-C782-EFE9-34CF1538469E}
		{394889C7-A31F-4387-94E9-59DF890F9261} = {26B96603-2099-C782-EFE9-34CF1538469E}
		{1CBEE50E-BCCF-48FC-859D-A39A3CF75A26} = {26B96603-2099-C782-EFE9-34CF1538469E}
		{42BD8DB1-B618-495D-BF00-E7E610121ABB} = {4F52FD11-658E-A102-6CD3-7D7C16FFA15B}
		{357A7C97-5AE1-023F-1442-0D9F9AF22A31} = {5854FF58-B8C5-05C6-5BF2-ACE42193F22B}
		{11349CFE-E14E-3001-C5E9-551783699504} = {357A7C97-5AE1-023F-1442-0D9F9AF22A31}
		{6DC635FA-68D8-4E13-A265-A60DD36BD3CE} = {11349CFE-E14E-3001-C5E9-551783699504}
		{BF053396-D7CF-4E72-B569-07A74E27DD99} = {11349CFE-E14E-3001-C5E9-551783699504}
		{CF3E3579-20D5-4955-B265-CDCC4A51F2C0} = {11349CFE-E14E-3001-C5E9-551783699504}
		{00803811-6B43-4FAA-BA40-DB99A49250BC} = {11349CFE-E14E-3001-C5E9-551783699504}
		{6ECEBF48-D3EE-441C-A12D-9CB7FDAF21A6} = {11349CFE-E14E-3001-C5E9-551783699504}
		{28C2D05B-ED75-C138-0180-B64FDC0DDF3E} = {4F52FD11-658E-A102-6CD3-7D7C16FFA15B}
		{DEA22B18-2FC8-AE0E-7930-959A96B95EF1} = {28C2D05B-ED75-C138-0180-B64FDC0DDF3E}
		{BEBA34C0-B5D7-49E9-9511-F12B6210E0EA} = {DEA22B18-2FC8-AE0E-7930-959A96B95EF1}
	EndGlobalSection
	GlobalSection(ExtensibilityGlobals) = postSolution
		SolutionGuid = {C06B657B-58B6-4E2B-AB79-91D763F0C91E}
	EndGlobalSection
EndGlobal
