
Microsoft Visual Studio Solution File, Format Version 12.00
# Visual Studio Version 17
VisualStudioVersion = 17.14.36414.22 d17.14
MinimumVisualStudioVersion = 10.0.40219.1
Project("{FAE04EC0-301F-11D3-BF4B-00C04F79EFBC}") = "Cart.Contracts", "Cart.Contracts.csproj", "{3687A2F1-AA7E-4A9A-B923-5EBCC2A6777A}"
EndProject
Global
	GlobalSection(SolutionConfigurationPlatforms) = preSolution
		Debug|Any CPU = Debug|Any CPU
		Release|Any CPU = Release|Any CPU
	EndGlobalSection
	GlobalSection(ProjectConfigurationPlatforms) = postSolution
		{3687A2F1-AA7E-4A9A-B923-5EBCC2A6777A}.Debug|Any CPU.ActiveCfg = Debug|Any CPU
		{3687A2F1-AA7E-4A9A-B923-5EBCC2A6777A}.Debug|Any CPU.Build.0 = Debug|Any CPU
		{3687A2F1-AA7E-4A9A-B923-5EBCC2A6777A}.Release|Any CPU.ActiveCfg = Release|Any CPU
		{3687A2F1-AA7E-4A9A-B923-5EBCC2A6777A}.Release|Any CPU.Build.0 = Release|Any CPU
	EndGlobalSection
	GlobalSection(SolutionProperties) = preSolution
		HideSolutionNode = FALSE
	EndGlobalSection
	GlobalSection(ExtensibilityGlobals) = postSolution
		SolutionGuid = {648C8819-5B28-4544-B46D-99FAC9573F3F}
	EndGlobalSection
EndGlobal
