
Microsoft Visual Studio Solution File, Format Version 12.00
# Visual Studio Version 17
VisualStudioVersion = 17.14.36414.22 d17.14
MinimumVisualStudioVersion = 10.0.40219.1
Project("{FAE04EC0-301F-11D3-BF4B-00C04F79EFBC}") = "Identity.Contracts", "Identity.Contracts.csproj", "{55129793-A49A-4BD2-AAB9-BC3E9D3785E3}"
EndProject
Global
	GlobalSection(SolutionConfigurationPlatforms) = preSolution
		Debug|Any CPU = Debug|Any CPU
		Release|Any CPU = Release|Any CPU
	EndGlobalSection
	GlobalSection(ProjectConfigurationPlatforms) = postSolution
		{55129793-A49A-4BD2-AAB9-BC3E9D3785E3}.Debug|Any CPU.ActiveCfg = Debug|Any CPU
		{55129793-A49A-4BD2-AAB9-BC3E9D3785E3}.Debug|Any CPU.Build.0 = Debug|Any CPU
		{55129793-A49A-4BD2-AAB9-BC3E9D3785E3}.Release|Any CPU.ActiveCfg = Release|Any CPU
		{55129793-A49A-4BD2-AAB9-BC3E9D3785E3}.Release|Any CPU.Build.0 = Release|Any CPU
	EndGlobalSection
	GlobalSection(SolutionProperties) = preSolution
		HideSolutionNode = FALSE
	EndGlobalSection
	GlobalSection(ExtensibilityGlobals) = postSolution
		SolutionGuid = {1A2AEAD5-E235-4BEB-9A0E-C331499832DF}
	EndGlobalSection
EndGlobal
